
Microsoft Visual Studio Solution File, Format Version 12.00
# Visual Studio Version 17
VisualStudioVersion = 17.4.33213.308
MinimumVisualStudioVersion = 10.0.40219.1
Project("{FAE04EC0-301F-11D3-BF4B-00C04F79EFBC}") = "YurtKayitSistemi", "YurtKayitSistemi\YurtKayitSistemi.csproj", "{02C8BF1F-541B-4B20-830A-E3BFEFEA62FC}"
EndProject
Global
	GlobalSection(SolutionConfigurationPlatforms) = preSolution
		Debug|Any CPU = Debug|Any CPU
		Release|Any CPU = Release|Any CPU
	EndGlobalSection
	GlobalSection(ProjectConfigurationPlatforms) = postSolution
		{02C8BF1F-541B-4B20-830A-E3BFEFEA62FC}.Debug|Any CPU.ActiveCfg = Debug|Any CPU
		{02C8BF1F-541B-4B20-830A-E3BFEFEA62FC}.Debug|Any CPU.Build.0 = Debug|Any CPU
		{02C8BF1F-541B-4B20-830A-E3BFEFEA62FC}.Release|Any CPU.ActiveCfg = Release|Any CPU
		{02C8BF1F-541B-4B20-830A-E3BFEFEA62FC}.Release|Any CPU.Build.0 = Release|Any CPU
	EndGlobalSection
	GlobalSection(SolutionProperties) = preSolution
		HideSolutionNode = FALSE
	EndGlobalSection
	GlobalSection(ExtensibilityGlobals) = postSolution
		SolutionGuid = {5D93148A-EF03-4398-9468-148B5F187857}
	EndGlobalSection
EndGlobal
